{
  "requires": true,
  "lockfileVersion": 1,
  "dependencies": {
    "@svgdotjs/svg.draggable.js": {
      "version": "3.0.2",
      "resolved": "https://scm.fulongtech.cn/nexus/content/groups/npm/@svgdotjs/svg.draggable.js/-/svg.draggable.js-3.0.2.tgz",
      "integrity": "sha512-yqCJe/w1q3IK51zRiqB42rsvQHyX5oqg/Eck02TDRhRv+pQ7sSHJfdyljiGkqoFW4i/1sIpnqYmiLDeM12Nhsw==",
      "requires": {
        "@svgdotjs/svg.js": "^3.0.10"
      }
    },
    "@svgdotjs/svg.js": {
      "version": "3.1.1",
      "resolved": "https://scm.fulongtech.cn/nexus/content/groups/npm/@svgdotjs/svg.js/-/svg.js-3.1.1.tgz",
      "integrity": "sha512-73FggAUBS+zuHhJOMZiAsuE5qpwA4pmWUbLuvof2g3YnWEc3QhXA3tjqZlJJukBobSA23a/avf1Vb1U1QbER1Q=="
    },
    "@svgdotjs/svg.panzoom.js": {
      "version": "2.1.2",
      "resolved": "https://scm.fulongtech.cn/nexus/content/groups/npm/@svgdotjs/svg.panzoom.js/-/svg.panzoom.js-2.1.2.tgz",
      "integrity": "sha512-0Nzo2TRlTebW3pzfAPtHx8Ye7Y3kuMEkK7hwVJi0SgQUB/vstjg7fvCJxB++EqsuDEetP0/SC+4CpLMVm6Lh2g==",
      "requires": {
        "@svgdotjs/svg.js": "^3.0.16"
      }
    }
  }
}
